{
  "nodes": {
    "nickel-wasm-vendor": {
      "flake": false,
      "locked": {
        "lastModified": 1775185293,
        "narHash": "sha256-H8GfIs088DyM4iu0THMlMJlnhxt48ECXxhxuuaMDVs4=",
        "owner": "brittonr",
        "repo": "nickel-wasm",
        "rev": "104d4a6206721efddf32aa037d4797e283192deb",
        "type": "github"
      },
      "original": {
        "owner": "brittonr",
        "ref": "wasm-vendor",
        "repo": "nickel-wasm",
        "type": "github"
      }
    },
    "nixpkgs": {
      "locked": {
        "lastModified": 1775036866,
        "narHash": "sha256-ZojAnPuCdy657PbTq5V0Y+AHKhZAIwSIT2cb8UgAz/U=",
        "owner": "NixOS",
        "repo": "nixpkgs",
        "rev": "6201e203d09599479a3b3450ed24fa81537ebc4e",
        "type": "github"
      },
      "original": {
        "owner": "NixOS",
        "ref": "nixos-unstable",
        "repo": "nixpkgs",
        "type": "github"
      }
    },
    "root": {
      "inputs": {
        "nickel-wasm-vendor": "nickel-wasm-vendor",
        "nixpkgs": "nixpkgs"
      }
    }
  },
  "root": "root",
  "version": 7
}
