{
  "nodes": {
    "nickel-wasm-vendor": {
      "flake": false,
      "locked": {
        "lastModified": 1775187427,
        "narHash": "sha256-Lg34B2y6Kn1f1Bhuw5RR3EZg/7GKZF7gXSVg0e1Z1Oc=",
        "owner": "brittonr",
        "repo": "nickel-wasm",
        "rev": "472dfa6b027f2b27e8e9ab83406d4fde14c77c76",
        "type": "github"
      },
      "original": {
        "owner": "brittonr",
        "ref": "wasm-vendor",
        "repo": "nickel-wasm",
        "type": "github"
      }
    },
    "nixpkgs": {
      "locked": {
        "lastModified": 1775036866,
        "narHash": "sha256-ZojAnPuCdy657PbTq5V0Y+AHKhZAIwSIT2cb8UgAz/U=",
        "owner": "NixOS",
        "repo": "nixpkgs",
        "rev": "6201e203d09599479a3b3450ed24fa81537ebc4e",
        "type": "github"
      },
      "original": {
        "owner": "NixOS",
        "ref": "nixos-unstable",
        "repo": "nixpkgs",
        "type": "github"
      }
    },
    "root": {
      "inputs": {
        "nickel-wasm-vendor": "nickel-wasm-vendor",
        "nixpkgs": "nixpkgs"
      }
    }
  },
  "root": "root",
  "version": 7
}
